<?xml version="1.0" encoding="UTF-8"?>
<CodeBlocks_project_file>
	<FileVersion major="1" minor="6"/>
	<Project>
		<Option title="pds"/>
		<Option makefile_is_custom="1"/>
		<Option compiler="gcc"/>
		<Option virtualFolders="CMake Files\;CMake Files\cmake\;"/>
		<Build>
			<Target title="all">
				<Option working_dir="/home/gazdik/Documents/FIT/PDS/project/src"/>
				<Option type="4"/>
				<MakeCommands>
					<Build command="/usr/bin/make -j4 -f &quot;/home/gazdik/Documents/FIT/PDS/project/src/Makefile&quot;  VERBOSE=1 all"/>
					<CompileFile command="/usr/bin/make -j4 -f &quot;/home/gazdik/Documents/FIT/PDS/project/src/Makefile&quot;  VERBOSE=1 &quot;$file&quot;"/>
					<Clean command="/usr/bin/make -j4 -f &quot;/home/gazdik/Documents/FIT/PDS/project/src/Makefile&quot;  VERBOSE=1 clean"/>
					<DistClean command="/usr/bin/make -j4 -f &quot;/home/gazdik/Documents/FIT/PDS/project/src/Makefile&quot;  VERBOSE=1 clean"/>
				</MakeCommands>
			</Target>
			<Target title="rebuild_cache">
				<Option working_dir="/home/gazdik/Documents/FIT/PDS/project/src"/>
				<Option type="4"/>
				<MakeCommands>
					<Build command="/usr/bin/make -j4 -f &quot;/home/gazdik/Documents/FIT/PDS/project/src/Makefile&quot;  VERBOSE=1 rebuild_cache"/>
					<CompileFile command="/usr/bin/make -j4 -f &quot;/home/gazdik/Documents/FIT/PDS/project/src/Makefile&quot;  VERBOSE=1 &quot;$file&quot;"/>
					<Clean command="/usr/bin/make -j4 -f &quot;/home/gazdik/Documents/FIT/PDS/project/src/Makefile&quot;  VERBOSE=1 clean"/>
					<DistClean command="/usr/bin/make -j4 -f &quot;/home/gazdik/Documents/FIT/PDS/project/src/Makefile&quot;  VERBOSE=1 clean"/>
				</MakeCommands>
			</Target>
			<Target title="edit_cache">
				<Option working_dir="/home/gazdik/Documents/FIT/PDS/project/src"/>
				<Option type="4"/>
				<MakeCommands>
					<Build command="/usr/bin/make -j4 -f &quot;/home/gazdik/Documents/FIT/PDS/project/src/Makefile&quot;  VERBOSE=1 edit_cache"/>
					<CompileFile command="/usr/bin/make -j4 -f &quot;/home/gazdik/Documents/FIT/PDS/project/src/Makefile&quot;  VERBOSE=1 &quot;$file&quot;"/>
					<Clean command="/usr/bin/make -j4 -f &quot;/home/gazdik/Documents/FIT/PDS/project/src/Makefile&quot;  VERBOSE=1 clean"/>
					<DistClean command="/usr/bin/make -j4 -f &quot;/home/gazdik/Documents/FIT/PDS/project/src/Makefile&quot;  VERBOSE=1 clean"/>
				</MakeCommands>
			</Target>
			<Target title="pds-spoof">
				<Option output="/home/gazdik/Documents/FIT/PDS/project/src/pds-spoof" prefix_auto="0" extension_auto="0"/>
				<Option working_dir="/home/gazdik/Documents/FIT/PDS/project/src"/>
				<Option object_output="./"/>
				<Option type="1"/>
				<Option compiler="gcc"/>
				<Compiler>
					<Add directory="/usr/lib/gcc/x86_64-pc-linux-gnu/6.3.1/../../../../include/c++/6.3.1"/>
					<Add directory="/usr/lib/gcc/x86_64-pc-linux-gnu/6.3.1/../../../../include/c++/6.3.1/x86_64-pc-linux-gnu"/>
					<Add directory="/usr/lib/gcc/x86_64-pc-linux-gnu/6.3.1/../../../../include/c++/6.3.1/backward"/>
					<Add directory="/usr/lib/gcc/x86_64-pc-linux-gnu/6.3.1/include"/>
					<Add directory="/usr/local/include"/>
					<Add directory="/usr/lib/gcc/x86_64-pc-linux-gnu/6.3.1/include-fixed"/>
					<Add directory="/usr/include"/>
				</Compiler>
				<MakeCommands>
					<Build command="/usr/bin/make -j4 -f &quot;/home/gazdik/Documents/FIT/PDS/project/src/Makefile&quot;  VERBOSE=1 pds-spoof"/>
					<CompileFile command="/usr/bin/make -j4 -f &quot;/home/gazdik/Documents/FIT/PDS/project/src/Makefile&quot;  VERBOSE=1 &quot;$file&quot;"/>
					<Clean command="/usr/bin/make -j4 -f &quot;/home/gazdik/Documents/FIT/PDS/project/src/Makefile&quot;  VERBOSE=1 clean"/>
					<DistClean command="/usr/bin/make -j4 -f &quot;/home/gazdik/Documents/FIT/PDS/project/src/Makefile&quot;  VERBOSE=1 clean"/>
				</MakeCommands>
			</Target>
			<Target title="pds-spoof/fast">
				<Option output="/home/gazdik/Documents/FIT/PDS/project/src/pds-spoof" prefix_auto="0" extension_auto="0"/>
				<Option working_dir="/home/gazdik/Documents/FIT/PDS/project/src"/>
				<Option object_output="./"/>
				<Option type="1"/>
				<Option compiler="gcc"/>
				<Compiler>
					<Add directory="/usr/lib/gcc/x86_64-pc-linux-gnu/6.3.1/../../../../include/c++/6.3.1"/>
					<Add directory="/usr/lib/gcc/x86_64-pc-linux-gnu/6.3.1/../../../../include/c++/6.3.1/x86_64-pc-linux-gnu"/>
					<Add directory="/usr/lib/gcc/x86_64-pc-linux-gnu/6.3.1/../../../../include/c++/6.3.1/backward"/>
					<Add directory="/usr/lib/gcc/x86_64-pc-linux-gnu/6.3.1/include"/>
					<Add directory="/usr/local/include"/>
					<Add directory="/usr/lib/gcc/x86_64-pc-linux-gnu/6.3.1/include-fixed"/>
					<Add directory="/usr/include"/>
				</Compiler>
				<MakeCommands>
					<Build command="/usr/bin/make -j4 -f &quot;/home/gazdik/Documents/FIT/PDS/project/src/Makefile&quot;  VERBOSE=1 pds-spoof/fast"/>
					<CompileFile command="/usr/bin/make -j4 -f &quot;/home/gazdik/Documents/FIT/PDS/project/src/Makefile&quot;  VERBOSE=1 &quot;$file&quot;"/>
					<Clean command="/usr/bin/make -j4 -f &quot;/home/gazdik/Documents/FIT/PDS/project/src/Makefile&quot;  VERBOSE=1 clean"/>
					<DistClean command="/usr/bin/make -j4 -f &quot;/home/gazdik/Documents/FIT/PDS/project/src/Makefile&quot;  VERBOSE=1 clean"/>
				</MakeCommands>
			</Target>
			<Target title="pds-scanner">
				<Option output="/home/gazdik/Documents/FIT/PDS/project/src/pds-scanner" prefix_auto="0" extension_auto="0"/>
				<Option working_dir="/home/gazdik/Documents/FIT/PDS/project/src"/>
				<Option object_output="./"/>
				<Option type="1"/>
				<Option compiler="gcc"/>
				<Compiler>
					<Add directory="/usr/lib/gcc/x86_64-pc-linux-gnu/6.3.1/../../../../include/c++/6.3.1"/>
					<Add directory="/usr/lib/gcc/x86_64-pc-linux-gnu/6.3.1/../../../../include/c++/6.3.1/x86_64-pc-linux-gnu"/>
					<Add directory="/usr/lib/gcc/x86_64-pc-linux-gnu/6.3.1/../../../../include/c++/6.3.1/backward"/>
					<Add directory="/usr/lib/gcc/x86_64-pc-linux-gnu/6.3.1/include"/>
					<Add directory="/usr/local/include"/>
					<Add directory="/usr/lib/gcc/x86_64-pc-linux-gnu/6.3.1/include-fixed"/>
					<Add directory="/usr/include"/>
				</Compiler>
				<MakeCommands>
					<Build command="/usr/bin/make -j4 -f &quot;/home/gazdik/Documents/FIT/PDS/project/src/Makefile&quot;  VERBOSE=1 pds-scanner"/>
					<CompileFile command="/usr/bin/make -j4 -f &quot;/home/gazdik/Documents/FIT/PDS/project/src/Makefile&quot;  VERBOSE=1 &quot;$file&quot;"/>
					<Clean command="/usr/bin/make -j4 -f &quot;/home/gazdik/Documents/FIT/PDS/project/src/Makefile&quot;  VERBOSE=1 clean"/>
					<DistClean command="/usr/bin/make -j4 -f &quot;/home/gazdik/Documents/FIT/PDS/project/src/Makefile&quot;  VERBOSE=1 clean"/>
				</MakeCommands>
			</Target>
			<Target title="pds-scanner/fast">
				<Option output="/home/gazdik/Documents/FIT/PDS/project/src/pds-scanner" prefix_auto="0" extension_auto="0"/>
				<Option working_dir="/home/gazdik/Documents/FIT/PDS/project/src"/>
				<Option object_output="./"/>
				<Option type="1"/>
				<Option compiler="gcc"/>
				<Compiler>
					<Add directory="/usr/lib/gcc/x86_64-pc-linux-gnu/6.3.1/../../../../include/c++/6.3.1"/>
					<Add directory="/usr/lib/gcc/x86_64-pc-linux-gnu/6.3.1/../../../../include/c++/6.3.1/x86_64-pc-linux-gnu"/>
					<Add directory="/usr/lib/gcc/x86_64-pc-linux-gnu/6.3.1/../../../../include/c++/6.3.1/backward"/>
					<Add directory="/usr/lib/gcc/x86_64-pc-linux-gnu/6.3.1/include"/>
					<Add directory="/usr/local/include"/>
					<Add directory="/usr/lib/gcc/x86_64-pc-linux-gnu/6.3.1/include-fixed"/>
					<Add directory="/usr/include"/>
				</Compiler>
				<MakeCommands>
					<Build command="/usr/bin/make -j4 -f &quot;/home/gazdik/Documents/FIT/PDS/project/src/Makefile&quot;  VERBOSE=1 pds-scanner/fast"/>
					<CompileFile command="/usr/bin/make -j4 -f &quot;/home/gazdik/Documents/FIT/PDS/project/src/Makefile&quot;  VERBOSE=1 &quot;$file&quot;"/>
					<Clean command="/usr/bin/make -j4 -f &quot;/home/gazdik/Documents/FIT/PDS/project/src/Makefile&quot;  VERBOSE=1 clean"/>
					<DistClean command="/usr/bin/make -j4 -f &quot;/home/gazdik/Documents/FIT/PDS/project/src/Makefile&quot;  VERBOSE=1 clean"/>
				</MakeCommands>
			</Target>
		</Build>
		<Unit filename="/home/gazdik/Documents/FIT/PDS/project/src/addr.cpp">
			<Option target="pds-spoof"/>
			<Option target="pds-scanner"/>
		</Unit>
		<Unit filename="/home/gazdik/Documents/FIT/PDS/project/src/addr.h">
			<Option target="pds-spoof"/>
			<Option target="pds-scanner"/>
		</Unit>
		<Unit filename="/home/gazdik/Documents/FIT/PDS/project/src/arpscan.cpp">
			<Option target="pds-spoof"/>
			<Option target="pds-scanner"/>
		</Unit>
		<Unit filename="/home/gazdik/Documents/FIT/PDS/project/src/arpscan.h">
			<Option target="pds-spoof"/>
			<Option target="pds-scanner"/>
		</Unit>
		<Unit filename="/home/gazdik/Documents/FIT/PDS/project/src/arpspoof.cpp">
			<Option target="pds-spoof"/>
		</Unit>
		<Unit filename="/home/gazdik/Documents/FIT/PDS/project/src/arpspoof.h">
			<Option target="pds-spoof"/>
		</Unit>
		<Unit filename="/home/gazdik/Documents/FIT/PDS/project/src/checksum.cpp">
			<Option target="pds-spoof"/>
			<Option target="pds-scanner"/>
		</Unit>
		<Unit filename="/home/gazdik/Documents/FIT/PDS/project/src/checksum.h">
			<Option target="pds-spoof"/>
			<Option target="pds-scanner"/>
		</Unit>
		<Unit filename="/home/gazdik/Documents/FIT/PDS/project/src/headers.h">
			<Option target="pds-spoof"/>
			<Option target="pds-scanner"/>
		</Unit>
		<Unit filename="/home/gazdik/Documents/FIT/PDS/project/src/ndscan.cpp">
			<Option target="pds-spoof"/>
			<Option target="pds-scanner"/>
		</Unit>
		<Unit filename="/home/gazdik/Documents/FIT/PDS/project/src/ndscan.h">
			<Option target="pds-spoof"/>
			<Option target="pds-scanner"/>
		</Unit>
		<Unit filename="/home/gazdik/Documents/FIT/PDS/project/src/netlib.cpp">
			<Option target="pds-spoof"/>
			<Option target="pds-scanner"/>
		</Unit>
		<Unit filename="/home/gazdik/Documents/FIT/PDS/project/src/netlib.h">
			<Option target="pds-spoof"/>
			<Option target="pds-scanner"/>
		</Unit>
		<Unit filename="/home/gazdik/Documents/FIT/PDS/project/src/pcap.cpp">
			<Option target="pds-spoof"/>
			<Option target="pds-scanner"/>
		</Unit>
		<Unit filename="/home/gazdik/Documents/FIT/PDS/project/src/pcap.h">
			<Option target="pds-spoof"/>
			<Option target="pds-scanner"/>
		</Unit>
		<Unit filename="/home/gazdik/Documents/FIT/PDS/project/src/pds-scaner.cpp">
			<Option target="pds-scanner"/>
		</Unit>
		<Unit filename="/home/gazdik/Documents/FIT/PDS/project/src/pds-spoof.cpp">
			<Option target="pds-spoof"/>
		</Unit>
		<Unit filename="/home/gazdik/Documents/FIT/PDS/project/src/spoof.cpp">
			<Option target="pds-spoof"/>
		</Unit>
		<Unit filename="/home/gazdik/Documents/FIT/PDS/project/src/spoof.h">
			<Option target="pds-spoof"/>
		</Unit>
		<Unit filename="/home/gazdik/Documents/FIT/PDS/project/src/types.h">
			<Option target="pds-spoof"/>
			<Option target="pds-scanner"/>
		</Unit>
		<Unit filename="/home/gazdik/Documents/FIT/PDS/project/src/CMakeLists.txt">
			<Option virtualFolder="CMake Files\"/>
		</Unit>
		<Unit filename="/home/gazdik/Documents/FIT/PDS/project/src/cmake/FindPCAP.cmake">
			<Option virtualFolder="CMake Files\cmake\"/>
		</Unit>
	</Project>
</CodeBlocks_project_file>
